
Microsoft Visual Studio Solution File, Format Version 12.00
# Visual Studio Version 16
VisualStudioVersion = 25.0.1706.0
MinimumVisualStudioVersion = 10.0.40219.1
Project("{FAE04EC0-301F-11D3-BF4B-00C04F79EFBC}") = "CSharpExample", "CSharpExample.csproj", "{BF8611F6-EBC4-4FCD-AD54-333D3E4FCA30}"
EndProject
Global
	GlobalSection(SolutionConfigurationPlatforms) = preSolution
		Debug|Any CPU = Debug|Any CPU
		Release|Any CPU = Release|Any CPU
	EndGlobalSection
	GlobalSection(ProjectConfigurationPlatforms) = postSolution
		{BF8611F6-EBC4-4FCD-AD54-333D3E4FCA30}.Debug|Any CPU.ActiveCfg = Debug|Any CPU
		{BF8611F6-EBC4-4FCD-AD54-333D3E4FCA30}.Debug|Any CPU.Build.0 = Debug|Any CPU
		{BF8611F6-EBC4-4FCD-AD54-333D3E4FCA30}.Release|Any CPU.ActiveCfg = Release|Any CPU
		{BF8611F6-EBC4-4FCD-AD54-333D3E4FCA30}.Release|Any CPU.Build.0 = Release|Any CPU
	EndGlobalSection
	GlobalSection(SolutionProperties) = preSolution
		HideSolutionNode = FALSE
	EndGlobalSection
	GlobalSection(ExtensibilityGlobals) = postSolution
		SolutionGuid = {C1877A06-2157-4CEE-8044-6196FA2005E3}
	EndGlobalSection
EndGlobal
